{
  "name": "StudioDimaAI",
  "lockfileVersion": 3,
  "requires": true,
  "packages": {
    "": {
      "devDependencies": {
        "@cspell/dict-it-it": "^3.1.6"
      }
    },
    "node_modules/@cspell/dict-it-it": {
      "version": "3.1.6",
      "resolved": "https://registry.npmjs.org/@cspell/dict-it-it/-/dict-it-it-3.1.6.tgz",
      "integrity": "sha512-q0o4dTm2RrdczvzQ/ENS+FL9TgPTMxoTdlAMtBE9tZjjUOiYcDkBeHBrmsX1Aq7Wz2xdEiUce2oD9Dn268nDOg==",
      "dev": true,
      "license": "GPL-3.0-or-later"
    }
  }
}
